// !$*UTF8*$!
{
	archiveVersion = 1;
	classes = {
	};
	objectVersion = 77;
	objects = {

/* Begin PBXContainerItemProxy section */
		4C89D1272DAF29ED002D6723 /* PBXContainerItemProxy */ = {
			isa = PBXContainerItemProxy;
			containerPortal = 4C89D1052DAF29EC002D6723 /* Project object */;
			proxyType = 1;
			remoteGlobalIDString = 4C89D10C2DAF29EC002D6723;
			remoteInfo = "hw1 iOS 2";
		};
		4C89D1312DAF29ED002D6723 /* PBXContainerItemProxy */ = {
			isa = PBXContainerItemProxy;
			containerPortal = 4C89D1052DAF29EC002D6723 /* Project object */;
			proxyType = 1;
			remoteGlobalIDString = 4C89D10C2DAF29EC002D6723;
			remoteInfo = "hw1 iOS 2";
		};
/* End PBXContainerItemProxy section */

/* Begin PBXFileReference section */
		4C89D10D2DAF29EC002D6723 /* Algorithm Viewer.app */ = {isa = PBXFileReference; explicitFileType = wrapper.application; includeInIndex = 0; path = "Algorithm Viewer.app"; sourceTree = BUILT_PRODUCTS_DIR; };
		4C89D1262DAF29ED002D6723 /* Algorithm ViewerTests.xctest */ = {isa = PBXFileReference; explicitFileType = wrapper.cfbundle; includeInIndex = 0; path = "Algorithm ViewerTests.xctest"; sourceTree = BUILT_PRODUCTS_DIR; };
		4C89D1302DAF29ED002D6723 /* Algorithm ViewerUITests.xctest */ = {isa = PBXFileReference; explicitFileType = wrapper.cfbundle; includeInIndex = 0; path = "Algorithm ViewerUITests.xctest"; sourceTree = BUILT_PRODUCTS_DIR; };
/* End PBXFileReference section */

/* Begin PBXFileSystemSynchronizedBuildFileExceptionSet section */
		4C89D1382DAF29ED002D6723 /* Exceptions for "hw1 iOS 2" folder in "Algorithm Viewer" target */ = {
			isa = PBXFileSystemSynchronizedBuildFileExceptionSet;
			membershipExceptions = (
				Info.plist,
			);
			target = 4C89D10C2DAF29EC002D6723 /* Algorithm Viewer */;
		};
/* End PBXFileSystemSynchronizedBuildFileExceptionSet section */

/* Begin PBXFileSystemSynchronizedRootGroup section */
		4C89D10F2DAF29EC002D6723 /* hw1 iOS 2 */ = {
			isa = PBXFileSystemSynchronizedRootGroup;
			exceptions = (
				4C89D1382DAF29ED002D6723 /* Exceptions for "hw1 iOS 2" folder in "Algorithm Viewer" target */,
			);
			path = "hw1 iOS 2";
			sourceTree = "<group>";
		};
		4C89D1292DAF29ED002D6723 /* hw1 iOS 2Tests */ = {
			isa = PBXFileSystemSynchronizedRootGroup;
			path = "hw1 iOS 2Tests";
			sourceTree = "<group>";
		};
		4C89D1332DAF29ED002D6723 /* hw1 iOS 2UITests */ = {
			isa = PBXFileSystemSynchronizedRootGroup;
			path = "hw1 iOS 2UITests";
			sourceTree = "<group>";
		};
/* End PBXFileSystemSynchronizedRootGroup section */

/* Begin PBXFrameworksBuildPhase section */
		4C89D10A2DAF29EC002D6723 /* Frameworks */ = {
			isa = PBXFrameworksBuildPhase;
			buildActionMask = 2147483647;
			files = (
			);
			runOnlyForDeploymentPostprocessing = 0;
		};
		4C89D1232DAF29ED002D6723 /* Frameworks */ = {
			isa = PBXFrameworksBuildPhase;
			buildActionMask = 2147483647;
			files = (
			);
			runOnlyForDeploymentPostprocessing = 0;
		};
		4C89D12D2DAF29ED002D6723 /* Frameworks */ = {
			isa = PBXFrameworksBuildPhase;
			buildActionMask = 2147483647;
			files = (
			);
			runOnlyForDeploymentPostprocessing = 0;
		};
/* End PBXFrameworksBuildPhase section */

/* Begin PBXGroup section */
		4C89D1042DAF29EC002D6723 = {
			isa = PBXGroup;
			children = (
				4C89D10F2DAF29EC002D6723 /* hw1 iOS 2 */,
				4C89D1292DAF29ED002D6723 /* hw1 iOS 2Tests */,
				4C89D1332DAF29ED002D6723 /* hw1 iOS 2UITests */,
				4C89D10E2DAF29EC002D6723 /* Products */,
			);
			sourceTree = "<group>";
		};
		4C89D10E2DAF29EC002D6723 /* Products */ = {
			isa = PBXGroup;
			children = (
				4C89D10D2DAF29EC002D6723 /* Algorithm Viewer.app */,
				4C89D1262DAF29ED002D6723 /* Algorithm ViewerTests.xctest */,
				4C89D1302DAF29ED002D6723 /* Algorithm ViewerUITests.xctest */,
			);
			name = Products;
			sourceTree = "<group>";
		};
/* End PBXGroup section */

/* Begin PBXNativeTarget section */
		4C89D10C2DAF29EC002D6723 /* Algorithm Viewer */ = {
			isa = PBXNativeTarget;
			buildConfigurationList = 4C89D1392DAF29ED002D6723 /* Build configuration list for PBXNativeTarget "Algorithm Viewer" */;
			buildPhases = (
				4C89D1092DAF29EC002D6723 /* Sources */,
				4C89D10A2DAF29EC002D6723 /* Frameworks */,
				4C89D10B2DAF29EC002D6723 /* Resources */,
			);
			buildRules = (
			);
			dependencies = (
			);
			fileSystemSynchronizedGroups = (
				4C89D10F2DAF29EC002D6723 /* hw1 iOS 2 */,
			);
			name = "Algorithm Viewer";
			packageProductDependencies = (
			);
			productName = "hw1 iOS 2";
			productReference = 4C89D10D2DAF29EC002D6723 /* Algorithm Viewer.app */;
			productType = "com.apple.product-type.application";
		};
		4C89D1252DAF29ED002D6723 /* Algorithm ViewerTests */ = {
			isa = PBXNativeTarget;
			buildConfigurationList = 4C89D13E2DAF29ED002D6723 /* Build configuration list for PBXNativeTarget "Algorithm ViewerTests" */;
			buildPhases = (
				4C89D1222DAF29ED002D6723 /* Sources */,
				4C89D1232DAF29ED002D6723 /* Frameworks */,
				4C89D1242DAF29ED002D6723 /* Resources */,
			);
			buildRules = (
			);
			dependencies = (
				4C89D1282DAF29ED002D6723 /* PBXTargetDependency */,
			);
			fileSystemSynchronizedGroups = (
				4C89D1292DAF29ED002D6723 /* hw1 iOS 2Tests */,
			);
			name = "Algorithm ViewerTests";
			packageProductDependencies = (
			);
			productName = "hw1 iOS 2Tests";
			productReference = 4C89D1262DAF29ED002D6723 /* Algorithm ViewerTests.xctest */;
			productType = "com.apple.product-type.bundle.unit-test";
		};
		4C89D12F2DAF29ED002D6723 /* Algorithm ViewerUITests */ = {
			isa = PBXNativeTarget;
			buildConfigurationList = 4C89D1412DAF29ED002D6723 /* Build configuration list for PBXNativeTarget "Algorithm ViewerUITests" */;
			buildPhases = (
				4C89D12C2DAF29ED002D6723 /* Sources */,
				4C89D12D2DAF29ED002D6723 /* Frameworks */,
				4C89D12E2DAF29ED002D6723 /* Resources */,
			);
			buildRules = (
			);
			dependencies = (
				4C89D1322DAF29ED002D6723 /* PBXTargetDependency */,
			);
			fileSystemSynchronizedGroups = (
				4C89D1332DAF29ED002D6723 /* hw1 iOS 2UITests */,
			);
			name = "Algorithm ViewerUITests";
			packageProductDependencies = (
			);
			productName = "hw1 iOS 2UITests";
			productReference = 4C89D1302DAF29ED002D6723 /* Algorithm ViewerUITests.xctest */;
			productType = "com.apple.product-type.bundle.ui-testing";
		};
/* End PBXNativeTarget section */

/* Begin PBXProject section */
		4C89D1052DAF29EC002D6723 /* Project object */ = {
			isa = PBXProject;
			attributes = {
				BuildIndependentTargetsInParallel = 1;
				LastSwiftUpdateCheck = 1610;
				LastUpgradeCheck = 1610;
				TargetAttributes = {
					4C89D10C2DAF29EC002D6723 = {
						CreatedOnToolsVersion = 16.1;
					};
					4C89D1252DAF29ED002D6723 = {
						CreatedOnToolsVersion = 16.1;
						TestTargetID = 4C89D10C2DAF29EC002D6723;
					};
					4C89D12F2DAF29ED002D6723 = {
						CreatedOnToolsVersion = 16.1;
						TestTargetID = 4C89D10C2DAF29EC002D6723;
					};
				};
			};
			buildConfigurationList = 4C89D1082DAF29EC002D6723 /* Build configuration list for PBXProject "Algorithm Viewer" */;
			developmentRegion = en;
			hasScannedForEncodings = 0;
			knownRegions = (
				en,
				Base,
			);
			mainGroup = 4C89D1042DAF29EC002D6723;
			minimizedProjectReferenceProxies = 1;
			preferredProjectObjectVersion = 77;
			productRefGroup = 4C89D10E2DAF29EC002D6723 /* Products */;
			projectDirPath = "";
			projectRoot = "";
			targets = (
				4C89D10C2DAF29EC002D6723 /* Algorithm Viewer */,
				4C89D1252DAF29ED002D6723 /* Algorithm ViewerTests */,
				4C89D12F2DAF29ED002D6723 /* Algorithm ViewerUITests */,
			);
		};
/* End PBXProject section */

/* Begin PBXResourcesBuildPhase section */
		4C89D10B2DAF29EC002D6723 /* Resources */ = {
			isa = PBXResourcesBuildPhase;
			buildActionMask = 2147483647;
			files = (
			);
			runOnlyForDeploymentPostprocessing = 0;
		};
		4C89D1242DAF29ED002D6723 /* Resources */ = {
			isa = PBXResourcesBuildPhase;
			buildActionMask = 2147483647;
			files = (
			);
			runOnlyForDeploymentPostprocessing = 0;
		};
		4C89D12E2DAF29ED002D6723 /* Resources */ = {
			isa = PBXResourcesBuildPhase;
			buildActionMask = 2147483647;
			files = (
			);
			runOnlyForDeploymentPostprocessing = 0;
		};
/* End PBXResourcesBuildPhase section */

/* Begin PBXSourcesBuildPhase section */
		4C89D1092DAF29EC002D6723 /* Sources */ = {
			isa = PBXSourcesBuildPhase;
			buildActionMask = 2147483647;
			files = (
			);
			runOnlyForDeploymentPostprocessing = 0;
		};
		4C89D1222DAF29ED002D6723 /* Sources */ = {
			isa = PBXSourcesBuildPhase;
			buildActionMask = 2147483647;
			files = (
			);
			runOnlyForDeploymentPostprocessing = 0;
		};
		4C89D12C2DAF29ED002D6723 /* Sources */ = {
			isa = PBXSourcesBuildPhase;
			buildActionMask = 2147483647;
			files = (
			);
			runOnlyForDeploymentPostprocessing = 0;
		};
/* End PBXSourcesBuildPhase section */

/* Begin PBXTargetDependency section */
		4C89D1282DAF29ED002D6723 /* PBXTargetDependency */ = {
			isa = PBXTargetDependency;
			target = 4C89D10C2DAF29EC002D6723 /* Algorithm Viewer */;
			targetProxy = 4C89D1272DAF29ED002D6723 /* PBXContainerItemProxy */;
		};
		4C89D1322DAF29ED002D6723 /* PBXTargetDependency */ = {
			isa = PBXTargetDependency;
			target = 4C89D10C2DAF29EC002D6723 /* Algorithm Viewer */;
			targetProxy = 4C89D1312DAF29ED002D6723 /* PBXContainerItemProxy */;
		};
/* End PBXTargetDependency section */

/* Begin XCBuildConfiguration section */
		4C89D13A2DAF29ED002D6723 /* Debug */ = {
			isa = XCBuildConfiguration;
			buildSettings = {
				ASSETCATALOG_COMPILER_APPICON_NAME = AppIcon;
				ASSETCATALOG_COMPILER_GLOBAL_ACCENT_COLOR_NAME = AccentColor;
				CODE_SIGN_STYLE = Automatic;
				CURRENT_PROJECT_VERSION = 1;
				GENERATE_INFOPLIST_FILE = YES;
				INFOPLIST_FILE = "hw1 iOS 2/Info.plist";
				INFOPLIST_KEY_UIApplicationSupportsIndirectInputEvents = YES;
				INFOPLIST_KEY_UILaunchStoryboardName = LaunchScreen;
				INFOPLIST_KEY_UIMainStoryboardFile = Main;
				INFOPLIST_KEY_UISupportedInterfaceOrientations_iPad = "UIInterfaceOrientationPortrait UIInterfaceOrientationPortraitUpsideDown UIInterfaceOrientationLandscapeLeft UIInterfaceOrientationLandscapeRight";
				INFOPLIST_KEY_UISupportedInterfaceOrientations_iPhone = "UIInterfaceOrientationPortrait UIInterfaceOrientationLandscapeLeft UIInterfaceOrientationLandscapeRight";
				LD_RUNPATH_SEARCH_PATHS = (
					"$(inherited)",
					"@executable_path/Frameworks",
				);
				MARKETING_VERSION = 1.0;
				PRODUCT_BUNDLE_IDENTIFIER = "com.pkadam.hw1-iOS-2";
				PRODUCT_NAME = "$(TARGET_NAME)";
				SWIFT_EMIT_LOC_STRINGS = YES;
				SWIFT_VERSION = 5.0;
				TARGETED_DEVICE_FAMILY = "1,2";
			};
			name = Debug;
		};
		4C89D13B2DAF29ED002D6723 /* Release */ = {
			isa = XCBuildConfiguration;
			buildSettings = {
				ASSETCATALOG_COMPILER_APPICON_NAME = AppIcon;
				ASSETCATALOG_COMPILER_GLOBAL_ACCENT_COLOR_NAME = AccentColor;
				CODE_SIGN_STYLE = Automatic;
				CURRENT_PROJECT_VERSION = 1;
				GENERATE_INFOPLIST_FILE = YES;
				INFOPLIST_FILE = "hw1 iOS 2/Info.plist";
				INFOPLIST_KEY_UIApplicationSupportsIndirectInputEvents = YES;
				INFOPLIST_KEY_UILaunchStoryboardName = LaunchScreen;
				INFOPLIST_KEY_UIMainStoryboardFile = Main;
				INFOPLIST_KEY_UISupportedInterfaceOrientations_iPad = "UIInterfaceOrientationPortrait UIInterfaceOrientationPortraitUpsideDown UIInterfaceOrientationLandscapeLeft UIInterfaceOrientationLandscapeRight";
				INFOPLIST_KEY_UISupportedInterfaceOrientations_iPhone = "UIInterfaceOrientationPortrait UIInterfaceOrientationLandscapeLeft UIInterfaceOrientationLandscapeRight";
				LD_RUNPATH_SEARCH_PATHS = (
					"$(inherited)",
					"@executable_path/Frameworks",
				);
				MARKETING_VERSION = 1.0;
				PRODUCT_BUNDLE_IDENTIFIER = "com.pkadam.hw1-iOS-2";
				PRODUCT_NAME = "$(TARGET_NAME)";
				SWIFT_EMIT_LOC_STRINGS = YES;
				SWIFT_VERSION = 5.0;
				TARGETED_DEVICE_FAMILY = "1,2";
			};
			name = Release;
		};
		4C89D13C2DAF29ED002D6723 /* Debug */ = {
			isa = XCBuildConfiguration;
			buildSettings = {
				ALWAYS_SEARCH_USER_PATHS = NO;
				ASSETCATALOG_COMPILER_GENERATE_SWIFT_ASSET_SYMBOL_EXTENSIONS = YES;
				CLANG_ANALYZER_NONNULL = YES;
				CLANG_ANALYZER_NUMBER_OBJECT_CONVERSION = YES_AGGRESSIVE;
				CLANG_CXX_LANGUAGE_STANDARD = "gnu++20";
				CLANG_ENABLE_MODULES = YES;
				CLANG_ENABLE_OBJC_ARC = YES;
				CLANG_ENABLE_OBJC_WEAK = YES;
				CLANG_WARN_BLOCK_CAPTURE_AUTORELEASING = YES;
				CLANG_WARN_BOOL_CONVERSION = YES;
				CLANG_WARN_COMMA = YES;
				CLANG_WARN_CONSTANT_CONVERSION = YES;
				CLANG_WARN_DEPRECATED_OBJC_IMPLEMENTATIONS = YES;
				CLANG_WARN_DIRECT_OBJC_ISA_USAGE = YES_ERROR;
				CLANG_WARN_DOCUMENTATION_COMMENTS = YES;
				CLANG_WARN_EMPTY_BODY = YES;
				CLANG_WARN_ENUM_CONVERSION = YES;
				CLANG_WARN_INFINITE_RECURSION = YES;
				CLANG_WARN_INT_CONVERSION = YES;
				CLANG_WARN_NON_LITERAL_NULL_CONVERSION = YES;
				CLANG_WARN_OBJC_IMPLICIT_RETAIN_SELF = YES;
				CLANG_WARN_OBJC_LITERAL_CONVERSION = YES;
				CLANG_WARN_OBJC_ROOT_CLASS = YES_ERROR;
				CLANG_WARN_QUOTED_INCLUDE_IN_FRAMEWORK_HEADER = YES;
				CLANG_WARN_RANGE_LOOP_ANALYSIS = YES;
				CLANG_WARN_STRICT_PROTOTYPES = YES;
				CLANG_WARN_SUSPICIOUS_MOVE = YES;
				CLANG_WARN_UNGUARDED_AVAILABILITY = YES_AGGRESSIVE;
				CLANG_WARN_UNREACHABLE_CODE = YES;
				CLANG_WARN__DUPLICATE_METHOD_MATCH = YES;
				COPY_PHASE_STRIP = NO;
				DEBUG_INFORMATION_FORMAT = dwarf;
				ENABLE_STRICT_OBJC_MSGSEND = YES;
				ENABLE_TESTABILITY = YES;
				ENABLE_USER_SCRIPT_SANDBOXING = YES;
				GCC_C_LANGUAGE_STANDARD = gnu17;
				GCC_DYNAMIC_NO_PIC = NO;
				GCC_NO_COMMON_BLOCKS = YES;
				GCC_OPTIMIZATION_LEVEL = 0;
				GCC_PREPROCESSOR_DEFINITIONS = (
					"DEBUG=1",
					"$(inherited)",
				);
				GCC_WARN_64_TO_32_BIT_CONVERSION = YES;
				GCC_WARN_ABOUT_RETURN_TYPE = YES_ERROR;
				GCC_WARN_UNDECLARED_SELECTOR = YES;
				GCC_WARN_UNINITIALIZED_AUTOS = YES_AGGRESSIVE;
				GCC_WARN_UNUSED_FUNCTION = YES;
				GCC_WARN_UNUSED_VARIABLE = YES;
				IPHONEOS_DEPLOYMENT_TARGET = 18.1;
				LOCALIZATION_PREFERS_STRING_CATALOGS = YES;
				MTL_ENABLE_DEBUG_INFO = INCLUDE_SOURCE;
				MTL_FAST_MATH = YES;
				ONLY_ACTIVE_ARCH = YES;
				SDKROOT = iphoneos;
				SWIFT_ACTIVE_COMPILATION_CONDITIONS = "DEBUG $(inherited)";
				SWIFT_OPTIMIZATION_LEVEL = "-Onone";
			};
			name = Debug;
		};
		4C89D13D2DAF29ED002D6723 /* Release */ = {
			isa = XCBuildConfiguration;
			buildSettings = {
				ALWAYS_SEARCH_USER_PATHS = NO;
				ASSETCATALOG_COMPILER_GENERATE_SWIFT_ASSET_SYMBOL_EXTENSIONS = YES;
				CLANG_ANALYZER_NONNULL = YES;
				CLANG_ANALYZER_NUMBER_OBJECT_CONVERSION = YES_AGGRESSIVE;
				CLANG_CXX_LANGUAGE_STANDARD = "gnu++20";
				CLANG_ENABLE_MODULES = YES;
				CLANG_ENABLE_OBJC_ARC = YES;
				CLANG_ENABLE_OBJC_WEAK = YES;
				CLANG_WARN_BLOCK_CAPTURE_AUTORELEASING = YES;
				CLANG_WARN_BOOL_CONVERSION = YES;
				CLANG_WARN_COMMA = YES;
				CLANG_WARN_CONSTANT_CONVERSION = YES;
				CLANG_WARN_DEPRECATED_OBJC_IMPLEMENTATIONS = YES;
				CLANG_WARN_DIRECT_OBJC_ISA_USAGE = YES_ERROR;
				CLANG_WARN_DOCUMENTATION_COMMENTS = YES;
				CLANG_WARN_EMPTY_BODY = YES;
				CLANG_WARN_ENUM_CONVERSION = YES;
				CLANG_WARN_INFINITE_RECURSION = YES;
				CLANG_WARN_INT_CONVERSION = YES;
				CLANG_WARN_NON_LITERAL_NULL_CONVERSION = YES;
				CLANG_WARN_OBJC_IMPLICIT_RETAIN_SELF = YES;
				CLANG_WARN_OBJC_LITERAL_CONVERSION = YES;
				CLANG_WARN_OBJC_ROOT_CLASS = YES_ERROR;
				CLANG_WARN_QUOTED_INCLUDE_IN_FRAMEWORK_HEADER = YES;
				CLANG_WARN_RANGE_LOOP_ANALYSIS = YES;
				CLANG_WARN_STRICT_PROTOTYPES = YES;
				CLANG_WARN_SUSPICIOUS_MOVE = YES;
				CLANG_WARN_UNGUARDED_AVAILABILITY = YES_AGGRESSIVE;
				CLANG_WARN_UNREACHABLE_CODE = YES;
				CLANG_WARN__DUPLICATE_METHOD_MATCH = YES;
				COPY_PHASE_STRIP = NO;
				DEBUG_INFORMATION_FORMAT = "dwarf-with-dsym";
				ENABLE_NS_ASSERTIONS = NO;
				ENABLE_STRICT_OBJC_MSGSEND = YES;
				ENABLE_USER_SCRIPT_SANDBOXING = YES;
				GCC_C_LANGUAGE_STANDARD = gnu17;
				GCC_NO_COMMON_BLOCKS = YES;
				GCC_WARN_64_TO_32_BIT_CONVERSION = YES;
				GCC_WARN_ABOUT_RETURN_TYPE = YES_ERROR;
				GCC_WARN_UNDECLARED_SELECTOR = YES;
				GCC_WARN_UNINITIALIZED_AUTOS = YES_AGGRESSIVE;
				GCC_WARN_UNUSED_FUNCTION = YES;
				GCC_WARN_UNUSED_VARIABLE = YES;
				IPHONEOS_DEPLOYMENT_TARGET = 18.1;
				LOCALIZATION_PREFERS_STRING_CATALOGS = YES;
				MTL_ENABLE_DEBUG_INFO = NO;
				MTL_FAST_MATH = YES;
				SDKROOT = iphoneos;
				SWIFT_COMPILATION_MODE = wholemodule;
				VALIDATE_PRODUCT = YES;
			};
			name = Release;
		};
		4C89D13F2DAF29ED002D6723 /* Debug */ = {
			isa = XCBuildConfiguration;
			buildSettings = {
				BUNDLE_LOADER = "$(TEST_HOST)";
				CODE_SIGN_STYLE = Automatic;
				CURRENT_PROJECT_VERSION = 1;
				GENERATE_INFOPLIST_FILE = YES;
				IPHONEOS_DEPLOYMENT_TARGET = 18.1;
				MARKETING_VERSION = 1.0;
				PRODUCT_BUNDLE_IDENTIFIER = "com.pkadam.hw1-iOS-2Tests";
				PRODUCT_NAME = "$(TARGET_NAME)";
				SWIFT_EMIT_LOC_STRINGS = NO;
				SWIFT_VERSION = 5.0;
				TARGETED_DEVICE_FAMILY = "1,2";
				TEST_HOST = "$(BUILT_PRODUCTS_DIR)/Algorithm Viewer.app/$(BUNDLE_EXECUTABLE_FOLDER_PATH)/Algorithm Viewer";
			};
			name = Debug;
		};
		4C89D1402DAF29ED002D6723 /* Release */ = {
			isa = XCBuildConfiguration;
			buildSettings = {
				BUNDLE_LOADER = "$(TEST_HOST)";
				CODE_SIGN_STYLE = Automatic;
				CURRENT_PROJECT_VERSION = 1;
				GENERATE_INFOPLIST_FILE = YES;
				IPHONEOS_DEPLOYMENT_TARGET = 18.1;
				MARKETING_VERSION = 1.0;
				PRODUCT_BUNDLE_IDENTIFIER = "com.pkadam.hw1-iOS-2Tests";
				PRODUCT_NAME = "$(TARGET_NAME)";
				SWIFT_EMIT_LOC_STRINGS = NO;
				SWIFT_VERSION = 5.0;
				TARGETED_DEVICE_FAMILY = "1,2";
				TEST_HOST = "$(BUILT_PRODUCTS_DIR)/Algorithm Viewer.app/$(BUNDLE_EXECUTABLE_FOLDER_PATH)/Algorithm Viewer";
			};
			name = Release;
		};
		4C89D1422DAF29ED002D6723 /* Debug */ = {
			isa = XCBuildConfiguration;
			buildSettings = {
				CODE_SIGN_STYLE = Automatic;
				CURRENT_PROJECT_VERSION = 1;
				GENERATE_INFOPLIST_FILE = YES;
				MARKETING_VERSION = 1.0;
				PRODUCT_BUNDLE_IDENTIFIER = "com.pkadam.hw1-iOS-2UITests";
				PRODUCT_NAME = "$(TARGET_NAME)";
				SWIFT_EMIT_LOC_STRINGS = NO;
				SWIFT_VERSION = 5.0;
				TARGETED_DEVICE_FAMILY = "1,2";
				TEST_TARGET_NAME = "hw1 iOS 2";
			};
			name = Debug;
		};
		4C89D1432DAF29ED002D6723 /* Release */ = {
			isa = XCBuildConfiguration;
			buildSettings = {
				CODE_SIGN_STYLE = Automatic;
				CURRENT_PROJECT_VERSION = 1;
				GENERATE_INFOPLIST_FILE = YES;
				MARKETING_VERSION = 1.0;
				PRODUCT_BUNDLE_IDENTIFIER = "com.pkadam.hw1-iOS-2UITests";
				PRODUCT_NAME = "$(TARGET_NAME)";
				SWIFT_EMIT_LOC_STRINGS = NO;
				SWIFT_VERSION = 5.0;
				TARGETED_DEVICE_FAMILY = "1,2";
				TEST_TARGET_NAME = "hw1 iOS 2";
			};
			name = Release;
		};
/* End XCBuildConfiguration section */

/* Begin XCConfigurationList section */
		4C89D1082DAF29EC002D6723 /* Build configuration list for PBXProject "Algorithm Viewer" */ = {
			isa = XCConfigurationList;
			buildConfigurations = (
				4C89D13C2DAF29ED002D6723 /* Debug */,
				4C89D13D2DAF29ED002D6723 /* Release */,
			);
			defaultConfigurationIsVisible = 0;
			defaultConfigurationName = Release;
		};
		4C89D1392DAF29ED002D6723 /* Build configuration list for PBXNativeTarget "Algorithm Viewer" */ = {
			isa = XCConfigurationList;
			buildConfigurations = (
				4C89D13A2DAF29ED002D6723 /* Debug */,
				4C89D13B2DAF29ED002D6723 /* Release */,
			);
			defaultConfigurationIsVisible = 0;
			defaultConfigurationName = Release;
		};
		4C89D13E2DAF29ED002D6723 /* Build configuration list for PBXNativeTarget "Algorithm ViewerTests" */ = {
			isa = XCConfigurationList;
			buildConfigurations = (
				4C89D13F2DAF29ED002D6723 /* Debug */,
				4C89D1402DAF29ED002D6723 /* Release */,
			);
			defaultConfigurationIsVisible = 0;
			defaultConfigurationName = Release;
		};
		4C89D1412DAF29ED002D6723 /* Build configuration list for PBXNativeTarget "Algorithm ViewerUITests" */ = {
			isa = XCConfigurationList;
			buildConfigurations = (
				4C89D1422DAF29ED002D6723 /* Debug */,
				4C89D1432DAF29ED002D6723 /* Release */,
			);
			defaultConfigurationIsVisible = 0;
			defaultConfigurationName = Release;
		};
/* End XCConfigurationList section */
	};
	rootObject = 4C89D1052DAF29EC002D6723 /* Project object */;
}
